
Microsoft Visual Studio Solution File, Format Version 12.00
# Visual Studio 15
VisualStudioVersion = 15.0.26730.16
MinimumVisualStudioVersion = 10.0.40219.1
Project("{FAE04EC0-301F-11D3-BF4B-00C04F79EFBC}") = "Sales Managment", "Sales Managment\Sales Managment.csproj", "{84A037F4-C31E-4B8D-BB6E-56AD0E51C65E}"
EndProject
Project("{54435603-DBB4-11D2-8724-00A0C9A8B90C}") = "Setup test", "Setup test\Setup test.vdproj", "{8808EDCB-7157-4183-8146-E9D0A1C6A226}"
EndProject
Global
	GlobalSection(SolutionConfigurationPlatforms) = preSolution
		Debug|Any CPU = Debug|Any CPU
		Debug|x64 = Debug|x64
		Release|Any CPU = Release|Any CPU
		Release|x64 = Release|x64
	EndGlobalSection
	GlobalSection(ProjectConfigurationPlatforms) = postSolution
		{84A037F4-C31E-4B8D-BB6E-56AD0E51C65E}.Debug|Any CPU.ActiveCfg = Debug|Any CPU
		{84A037F4-C31E-4B8D-BB6E-56AD0E51C65E}.Debug|Any CPU.Build.0 = Debug|Any CPU
		{84A037F4-C31E-4B8D-BB6E-56AD0E51C65E}.Debug|x64.ActiveCfg = Debug|x64
		{84A037F4-C31E-4B8D-BB6E-56AD0E51C65E}.Debug|x64.Build.0 = Debug|x64
		{84A037F4-C31E-4B8D-BB6E-56AD0E51C65E}.Release|Any CPU.ActiveCfg = Release|Any CPU
		{84A037F4-C31E-4B8D-BB6E-56AD0E51C65E}.Release|Any CPU.Build.0 = Release|Any CPU
		{84A037F4-C31E-4B8D-BB6E-56AD0E51C65E}.Release|x64.ActiveCfg = Release|x64
		{84A037F4-C31E-4B8D-BB6E-56AD0E51C65E}.Release|x64.Build.0 = Release|x64
		{8808EDCB-7157-4183-8146-E9D0A1C6A226}.Debug|Any CPU.ActiveCfg = Debug
		{8808EDCB-7157-4183-8146-E9D0A1C6A226}.Debug|x64.ActiveCfg = Debug
		{8808EDCB-7157-4183-8146-E9D0A1C6A226}.Release|Any CPU.ActiveCfg = Release
		{8808EDCB-7157-4183-8146-E9D0A1C6A226}.Release|x64.ActiveCfg = Release
	EndGlobalSection
	GlobalSection(SolutionProperties) = preSolution
		HideSolutionNode = FALSE
	EndGlobalSection
	GlobalSection(ExtensibilityGlobals) = postSolution
		SolutionGuid = {088B9152-6DFE-4C84-BE7C-F4C51D93687D}
	EndGlobalSection
EndGlobal
